
Microsoft Visual Studio Solution File, Format Version 12.00
# Visual Studio Version 16
VisualStudioVersion = 16.0.29215.179
MinimumVisualStudioVersion = 10.0.40219.1
Project("{FAE04EC0-301F-11D3-BF4B-00C04F79EFBC}") = "OpgaveA", "OpgaveA.csproj", "{DF33F418-6F2C-41B8-A1CF-480DAE95017C}"
EndProject
Global
	GlobalSection(SolutionConfigurationPlatforms) = preSolution
		Debug|Any CPU = Debug|Any CPU
		Release|Any CPU = Release|Any CPU
	EndGlobalSection
	GlobalSection(ProjectConfigurationPlatforms) = postSolution
		{DF33F418-6F2C-41B8-A1CF-480DAE95017C}.Debug|Any CPU.ActiveCfg = Debug|Any CPU
		{DF33F418-6F2C-41B8-A1CF-480DAE95017C}.Debug|Any CPU.Build.0 = Debug|Any CPU
		{DF33F418-6F2C-41B8-A1CF-480DAE95017C}.Release|Any CPU.ActiveCfg = Release|Any CPU
		{DF33F418-6F2C-41B8-A1CF-480DAE95017C}.Release|Any CPU.Build.0 = Release|Any CPU
	EndGlobalSection
	GlobalSection(SolutionProperties) = preSolution
		HideSolutionNode = FALSE
	EndGlobalSection
	GlobalSection(ExtensibilityGlobals) = postSolution
		SolutionGuid = {302BBDDF-7015-4F13-8F37-A71DCA6E0258}
	EndGlobalSection
EndGlobal
